
Microsoft Visual Studio Solution File, Format Version 12.00
# Visual Studio 15
VisualStudioVersion = 15.0.26430.16
MinimumVisualStudioVersion = 10.0.40219.1
Project("{FAE04EC0-301F-11D3-BF4B-00C04F79EFBC}") = "ch.darkink.docker_volume_watcher.service", "ch.darkink.docker_volume_watcher.service\ch.darkink.docker_volume_watcher.service.csproj", "{68AD14A9-9739-4AB9-A165-06F442AE1CC9}"
EndProject
Project("{FAE04EC0-301F-11D3-BF4B-00C04F79EFBC}") = "ch.darkink.docker_volume_watcher.test", "ch.darkink.docker_volume_watcher.test\ch.darkink.docker_volume_watcher.test.csproj", "{98946D3C-D796-44C2-90E7-00364AC7D98C}"
EndProject
Project("{FAE04EC0-301F-11D3-BF4B-00C04F79EFBC}") = "ch.darkink.docker_volume_watcher.trayapp", "ch.darkink.docker_volume_watcher.trayapp\ch.darkink.docker_volume_watcher.trayapp.csproj", "{3E951502-E5E3-4ED5-AD4B-743C36D39222}"
EndProject
Project("{2150E333-8FDC-42A3-9474-1A3956D46DE8}") = "commons", "commons", "{0930CDF6-128C-4BAA-95AC-E715F107EE37}"
	ProjectSection(SolutionItems) = preProject
		GlobalAssemblyInfo.cs = GlobalAssemblyInfo.cs
		commons\icon.ico = commons\icon.ico
		commons\icon.pdn = commons\icon.pdn
		commons\icon.png = commons\icon.png
		commons\startup_icon_animation.bmp = commons\startup_icon_animation.bmp
		commons\startup_icon_animation.pdn = commons\startup_icon_animation.pdn
	EndProjectSection
EndProject
Project("{2150E333-8FDC-42A3-9474-1A3956D46DE8}") = "setup", "setup", "{45607F3B-23B5-4344-BDBE-AC62BDB30B1A}"
EndProject
Project("{2150E333-8FDC-42A3-9474-1A3956D46DE8}") = "app", "app", "{F5C8F8BA-6873-46BE-BB83-24B74DDAA515}"
EndProject
Project("{2150E333-8FDC-42A3-9474-1A3956D46DE8}") = "test", "test", "{0C18109C-CCBD-4166-AF80-DC56CE3CD9C1}"
EndProject
Project("{930C7802-8A8C-48F9-8165-68863BCCD9DD}") = "ch.darkink.docker_volume_watcher.install", "ch.darkink.docker_volume_watcher.install\ch.darkink.docker_volume_watcher.install.wixproj", "{54AC942A-F039-4C35-969A-8F0C8D6FF663}"
EndProject
Project("{FAE04EC0-301F-11D3-BF4B-00C04F79EFBC}") = "ch.darkink.docker_volume_watcher.service_install", "ch.darkink.docker_volume_watcher.service_install\ch.darkink.docker_volume_watcher.service_install.csproj", "{A0B30982-AA98-444C-8168-53F1439CD787}"
EndProject
Global
	GlobalSection(SubversionScc) = preSolution
		Svn-Managed = True
		Manager = AnkhSVN - Subversion Support for Visual Studio
	EndGlobalSection
	GlobalSection(SolutionConfigurationPlatforms) = preSolution
		Debug|Any CPU = Debug|Any CPU
		Debug|x86 = Debug|x86
		Release|Any CPU = Release|Any CPU
		Release|x86 = Release|x86
	EndGlobalSection
	GlobalSection(ProjectConfigurationPlatforms) = postSolution
		{68AD14A9-9739-4AB9-A165-06F442AE1CC9}.Debug|Any CPU.ActiveCfg = Debug|Any CPU
		{68AD14A9-9739-4AB9-A165-06F442AE1CC9}.Debug|Any CPU.Build.0 = Debug|Any CPU
		{68AD14A9-9739-4AB9-A165-06F442AE1CC9}.Debug|x86.ActiveCfg = Debug|Any CPU
		{68AD14A9-9739-4AB9-A165-06F442AE1CC9}.Debug|x86.Build.0 = Debug|Any CPU
		{68AD14A9-9739-4AB9-A165-06F442AE1CC9}.Release|Any CPU.ActiveCfg = Release|Any CPU
		{68AD14A9-9739-4AB9-A165-06F442AE1CC9}.Release|Any CPU.Build.0 = Release|Any CPU
		{68AD14A9-9739-4AB9-A165-06F442AE1CC9}.Release|x86.ActiveCfg = Release|Any CPU
		{68AD14A9-9739-4AB9-A165-06F442AE1CC9}.Release|x86.Build.0 = Release|Any CPU
		{98946D3C-D796-44C2-90E7-00364AC7D98C}.Debug|Any CPU.ActiveCfg = Debug|Any CPU
		{98946D3C-D796-44C2-90E7-00364AC7D98C}.Debug|Any CPU.Build.0 = Debug|Any CPU
		{98946D3C-D796-44C2-90E7-00364AC7D98C}.Debug|x86.ActiveCfg = Debug|Any CPU
		{98946D3C-D796-44C2-90E7-00364AC7D98C}.Debug|x86.Build.0 = Debug|Any CPU
		{98946D3C-D796-44C2-90E7-00364AC7D98C}.Release|Any CPU.ActiveCfg = Release|Any CPU
		{98946D3C-D796-44C2-90E7-00364AC7D98C}.Release|Any CPU.Build.0 = Release|Any CPU
		{98946D3C-D796-44C2-90E7-00364AC7D98C}.Release|x86.ActiveCfg = Release|Any CPU
		{98946D3C-D796-44C2-90E7-00364AC7D98C}.Release|x86.Build.0 = Release|Any CPU
		{3E951502-E5E3-4ED5-AD4B-743C36D39222}.Debug|Any CPU.ActiveCfg = Debug|Any CPU
		{3E951502-E5E3-4ED5-AD4B-743C36D39222}.Debug|Any CPU.Build.0 = Debug|Any CPU
		{3E951502-E5E3-4ED5-AD4B-743C36D39222}.Debug|x86.ActiveCfg = Debug|Any CPU
		{3E951502-E5E3-4ED5-AD4B-743C36D39222}.Debug|x86.Build.0 = Debug|Any CPU
		{3E951502-E5E3-4ED5-AD4B-743C36D39222}.Release|Any CPU.ActiveCfg = Release|Any CPU
		{3E951502-E5E3-4ED5-AD4B-743C36D39222}.Release|Any CPU.Build.0 = Release|Any CPU
		{3E951502-E5E3-4ED5-AD4B-743C36D39222}.Release|x86.ActiveCfg = Release|Any CPU
		{3E951502-E5E3-4ED5-AD4B-743C36D39222}.Release|x86.Build.0 = Release|Any CPU
		{54AC942A-F039-4C35-969A-8F0C8D6FF663}.Debug|Any CPU.ActiveCfg = Debug|x86
		{54AC942A-F039-4C35-969A-8F0C8D6FF663}.Debug|x86.ActiveCfg = Debug|x86
		{54AC942A-F039-4C35-969A-8F0C8D6FF663}.Debug|x86.Build.0 = Debug|x86
		{54AC942A-F039-4C35-969A-8F0C8D6FF663}.Release|Any CPU.ActiveCfg = Release|x86
		{54AC942A-F039-4C35-969A-8F0C8D6FF663}.Release|x86.ActiveCfg = Release|x86
		{54AC942A-F039-4C35-969A-8F0C8D6FF663}.Release|x86.Build.0 = Release|x86
		{A0B30982-AA98-444C-8168-53F1439CD787}.Debug|Any CPU.ActiveCfg = Debug|x86
		{A0B30982-AA98-444C-8168-53F1439CD787}.Debug|x86.ActiveCfg = Debug|x86
		{A0B30982-AA98-444C-8168-53F1439CD787}.Debug|x86.Build.0 = Debug|x86
		{A0B30982-AA98-444C-8168-53F1439CD787}.Release|Any CPU.ActiveCfg = Release|x86
		{A0B30982-AA98-444C-8168-53F1439CD787}.Release|x86.ActiveCfg = Release|x86
		{A0B30982-AA98-444C-8168-53F1439CD787}.Release|x86.Build.0 = Release|x86
	EndGlobalSection
	GlobalSection(SolutionProperties) = preSolution
		HideSolutionNode = FALSE
	EndGlobalSection
	GlobalSection(NestedProjects) = preSolution
		{68AD14A9-9739-4AB9-A165-06F442AE1CC9} = {F5C8F8BA-6873-46BE-BB83-24B74DDAA515}
		{98946D3C-D796-44C2-90E7-00364AC7D98C} = {0C18109C-CCBD-4166-AF80-DC56CE3CD9C1}
		{3E951502-E5E3-4ED5-AD4B-743C36D39222} = {F5C8F8BA-6873-46BE-BB83-24B74DDAA515}
		{54AC942A-F039-4C35-969A-8F0C8D6FF663} = {45607F3B-23B5-4344-BDBE-AC62BDB30B1A}
		{A0B30982-AA98-444C-8168-53F1439CD787} = {45607F3B-23B5-4344-BDBE-AC62BDB30B1A}
	EndGlobalSection
EndGlobal
