
Microsoft Visual Studio Solution File, Format Version 12.00
# Visual Studio 15
VisualStudioVersion = 15.0.26730.10
MinimumVisualStudioVersion = 10.0.40219.1
Project("{FAE04EC0-301F-11D3-BF4B-00C04F79EFBC}") = "ch.darkink.docker_volume_watcher.service_install", "ch.darkink.docker_volume_watcher.service_install\ch.darkink.docker_volume_watcher.service_install.csproj", "{A0B30982-AA98-444C-8168-53F1439CD787}"
EndProject
Project("{FAE04EC0-301F-11D3-BF4B-00C04F79EFBC}") = "ch.darkink.docker_volume_watcher.trayapp", "ch.darkink.docker_volume_watcher.trayapp\ch.darkink.docker_volume_watcher.trayapp.csproj", "{3E951502-E5E3-4ED5-AD4B-743C36D39222}"
EndProject
Project("{FAE04EC0-301F-11D3-BF4B-00C04F79EFBC}") = "ch.darkink.docker_volume_watcher.test", "ch.darkink.docker_volume_watcher.test\ch.darkink.docker_volume_watcher.test.csproj", "{98946D3C-D796-44C2-90E7-00364AC7D98C}"
EndProject
Project("{930C7802-8A8C-48F9-8165-68863BCCD9DD}") = "ch.darkink.docker_volume_watcher.install", "ch.darkink.docker_volume_watcher.install\ch.darkink.docker_volume_watcher.install.wixproj", "{54AC942A-F039-4C35-969A-8F0C8D6FF663}"
EndProject
Project("{FAE04EC0-301F-11D3-BF4B-00C04F79EFBC}") = "ch.darkink.docker_volume_watcher.service", "ch.darkink.docker_volume_watcher.service\ch.darkink.docker_volume_watcher.service.csproj", "{68AD14A9-9739-4AB9-A165-06F442AE1CC9}"
EndProject
Project("{2150E333-8FDC-42A3-9474-1A3956D46DE8}") = "app", "app", "{1CC13476-838C-47C7-A4F2-7AAD0319C63D}"
EndProject
Project("{2150E333-8FDC-42A3-9474-1A3956D46DE8}") = "commons", "commons", "{61790FC5-32F3-49F3-A9B1-8726FE5889E8}"
	ProjectSection(SolutionItems) = preProject
		commons\_startup_icon_animation.bmp = commons\_startup_icon_animation.bmp
		GlobalAssemblyInfo.cs = GlobalAssemblyInfo.cs
		commons\icon.ico = commons\icon.ico
		commons\icon.pdn = commons\icon.pdn
		commons\icon.png = commons\icon.png
		commons\startup_icon_animation.bmp = commons\startup_icon_animation.bmp
		commons\startup_icon_animation.pdn = commons\startup_icon_animation.pdn
		commons\startup_icon_animation2.pdn = commons\startup_icon_animation2.pdn
	EndProjectSection
EndProject
Project("{2150E333-8FDC-42A3-9474-1A3956D46DE8}") = "setup", "setup", "{68D2397F-5140-480F-B335-B1D0A5CF5F45}"
EndProject
Project("{2150E333-8FDC-42A3-9474-1A3956D46DE8}") = "test", "test", "{AC029EA6-FEE9-44E8-B183-F0D18E2D6C45}"
EndProject
Global
	GlobalSection(SolutionConfigurationPlatforms) = preSolution
		Debug|Any CPU = Debug|Any CPU
		Debug|x86 = Debug|x86
		Release|Any CPU = Release|Any CPU
		Release|x86 = Release|x86
	EndGlobalSection
	GlobalSection(ProjectConfigurationPlatforms) = postSolution
		{A0B30982-AA98-444C-8168-53F1439CD787}.Debug|Any CPU.ActiveCfg = Debug|x86
		{A0B30982-AA98-444C-8168-53F1439CD787}.Debug|x86.ActiveCfg = Debug|x86
		{A0B30982-AA98-444C-8168-53F1439CD787}.Release|Any CPU.ActiveCfg = Release|x86
		{A0B30982-AA98-444C-8168-53F1439CD787}.Release|x86.ActiveCfg = Release|x86
		{A0B30982-AA98-444C-8168-53F1439CD787}.Release|x86.Build.0 = Release|x86
		{3E951502-E5E3-4ED5-AD4B-743C36D39222}.Debug|Any CPU.ActiveCfg = Debug|Any CPU
		{3E951502-E5E3-4ED5-AD4B-743C36D39222}.Debug|Any CPU.Build.0 = Debug|Any CPU
		{3E951502-E5E3-4ED5-AD4B-743C36D39222}.Debug|x86.ActiveCfg = Debug|Any CPU
		{3E951502-E5E3-4ED5-AD4B-743C36D39222}.Debug|x86.Build.0 = Debug|Any CPU
		{3E951502-E5E3-4ED5-AD4B-743C36D39222}.Release|Any CPU.ActiveCfg = Release|Any CPU
		{3E951502-E5E3-4ED5-AD4B-743C36D39222}.Release|Any CPU.Build.0 = Release|Any CPU
		{3E951502-E5E3-4ED5-AD4B-743C36D39222}.Release|x86.ActiveCfg = Release|Any CPU
		{3E951502-E5E3-4ED5-AD4B-743C36D39222}.Release|x86.Build.0 = Release|Any CPU
		{98946D3C-D796-44C2-90E7-00364AC7D98C}.Debug|Any CPU.ActiveCfg = Debug|Any CPU
		{98946D3C-D796-44C2-90E7-00364AC7D98C}.Debug|Any CPU.Build.0 = Debug|Any CPU
		{98946D3C-D796-44C2-90E7-00364AC7D98C}.Debug|x86.ActiveCfg = Debug|Any CPU
		{98946D3C-D796-44C2-90E7-00364AC7D98C}.Debug|x86.Build.0 = Debug|Any CPU
		{98946D3C-D796-44C2-90E7-00364AC7D98C}.Release|Any CPU.ActiveCfg = Release|Any CPU
		{98946D3C-D796-44C2-90E7-00364AC7D98C}.Release|Any CPU.Build.0 = Release|Any CPU
		{98946D3C-D796-44C2-90E7-00364AC7D98C}.Release|x86.ActiveCfg = Release|Any CPU
		{98946D3C-D796-44C2-90E7-00364AC7D98C}.Release|x86.Build.0 = Release|Any CPU
		{54AC942A-F039-4C35-969A-8F0C8D6FF663}.Debug|Any CPU.ActiveCfg = Debug|x86
		{54AC942A-F039-4C35-969A-8F0C8D6FF663}.Debug|x86.ActiveCfg = Debug|x86
		{54AC942A-F039-4C35-969A-8F0C8D6FF663}.Release|Any CPU.ActiveCfg = Release|x86
		{54AC942A-F039-4C35-969A-8F0C8D6FF663}.Release|x86.ActiveCfg = Release|x86
		{54AC942A-F039-4C35-969A-8F0C8D6FF663}.Release|x86.Build.0 = Release|x86
		{68AD14A9-9739-4AB9-A165-06F442AE1CC9}.Debug|Any CPU.ActiveCfg = Debug|Any CPU
		{68AD14A9-9739-4AB9-A165-06F442AE1CC9}.Debug|Any CPU.Build.0 = Debug|Any CPU
		{68AD14A9-9739-4AB9-A165-06F442AE1CC9}.Debug|x86.ActiveCfg = Debug|Any CPU
		{68AD14A9-9739-4AB9-A165-06F442AE1CC9}.Debug|x86.Build.0 = Debug|Any CPU
		{68AD14A9-9739-4AB9-A165-06F442AE1CC9}.Release|Any CPU.ActiveCfg = Release|Any CPU
		{68AD14A9-9739-4AB9-A165-06F442AE1CC9}.Release|Any CPU.Build.0 = Release|Any CPU
		{68AD14A9-9739-4AB9-A165-06F442AE1CC9}.Release|x86.ActiveCfg = Release|Any CPU
		{68AD14A9-9739-4AB9-A165-06F442AE1CC9}.Release|x86.Build.0 = Release|Any CPU
	EndGlobalSection
	GlobalSection(SolutionProperties) = preSolution
		HideSolutionNode = FALSE
	EndGlobalSection
	GlobalSection(NestedProjects) = preSolution
		{A0B30982-AA98-444C-8168-53F1439CD787} = {68D2397F-5140-480F-B335-B1D0A5CF5F45}
		{3E951502-E5E3-4ED5-AD4B-743C36D39222} = {1CC13476-838C-47C7-A4F2-7AAD0319C63D}
		{98946D3C-D796-44C2-90E7-00364AC7D98C} = {AC029EA6-FEE9-44E8-B183-F0D18E2D6C45}
		{54AC942A-F039-4C35-969A-8F0C8D6FF663} = {68D2397F-5140-480F-B335-B1D0A5CF5F45}
		{68AD14A9-9739-4AB9-A165-06F442AE1CC9} = {1CC13476-838C-47C7-A4F2-7AAD0319C63D}
	EndGlobalSection
	GlobalSection(ExtensibilityGlobals) = postSolution
		SolutionGuid = {47453D22-5928-4078-AF8F-6BDCD609C5F0}
	EndGlobalSection
EndGlobal
